{
  "name": "server",
  "lockfileVersion": 3,
  "requires": true,
  "packages": {
    "": {
      "dependencies": {
        "tld-extract": "^2.1.0"
      }
    },
    "node_modules/tld-extract": {
      "version": "2.1.0",
      "resolved": "https://registry.npmjs.org/tld-extract/-/tld-extract-2.1.0.tgz",
      "integrity": "sha512-Y9QHWIoDQPJJVm3/pOC7kOfOj7vsNSVZl4JGoEHb605FiwZgIfzSMyU0HC0wYw5Cx8435vaG1yGZtIm1yiQGOw=="
    }
  }
}
